// !$*UTF8*$!
{
	archiveVersion = 1;
	classes = {
	};
	objectVersion = 46;
	objects = {

/* Begin PBXBuildFile section */
		780013EE1ADE80C0005F0382 /* AppDelegate.swift in Sources */ = {isa = PBXBuildFile; fileRef = 780013ED1ADE80C0005F0382 /* AppDelegate.swift */; };
		780013F01ADE80C0005F0382 /* ViewController.swift in Sources */ = {isa = PBXBuildFile; fileRef = 780013EF1ADE80C0005F0382 /* ViewController.swift */; };
		780013F51ADE80C0005F0382 /* Images.xcassets in Resources */ = {isa = PBXBuildFile; fileRef = 780013F41ADE80C0005F0382 /* Images.xcassets */; };
		7800140E1ADE82C7005F0382 /* ODRefreshControl.swift in Sources */ = {isa = PBXBuildFile; fileRef = 7800140D1ADE82C7005F0382 /* ODRefreshControl.swift */; };
/* End PBXBuildFile section */

/* Begin PBXFileReference section */
		780013E81ADE80C0005F0382 /* ODRefreshControlDemo.app */ = {isa = PBXFileReference; explicitFileType = wrapper.application; includeInIndex = 0; path = ODRefreshControlDemo.app; sourceTree = BUILT_PRODUCTS_DIR; };
		780013EC1ADE80C0005F0382 /* Info.plist */ = {isa = PBXFileReference; lastKnownFileType = text.plist.xml; path = Info.plist; sourceTree = "<group>"; };
		780013ED1ADE80C0005F0382 /* AppDelegate.swift */ = {isa = PBXFileReference; lastKnownFileType = sourcecode.swift; path = AppDelegate.swift; sourceTree = "<group>"; };
		780013EF1ADE80C0005F0382 /* ViewController.swift */ = {isa = PBXFileReference; lastKnownFileType = sourcecode.swift; path = ViewController.swift; sourceTree = "<group>"; };
		780013F41ADE80C0005F0382 /* Images.xcassets */ = {isa = PBXFileReference; lastKnownFileType = folder.assetcatalog; path = Images.xcassets; sourceTree = "<group>"; };
		7800140D1ADE82C7005F0382 /* ODRefreshControl.swift */ = {isa = PBXFileReference; fileEncoding = 4; lastKnownFileType = sourcecode.swift; name = ODRefreshControl.swift; path = ../../ODRefreshControl/ODRefreshControl.swift; sourceTree = "<group>"; };
/* End PBXFileReference section */

/* Begin PBXFrameworksBuildPhase section */
		780013E51ADE80C0005F0382 /* Frameworks */ = {
			isa = PBXFrameworksBuildPhase;
			buildActionMask = 2147483647;
			files = (
			);
			runOnlyForDeploymentPostprocessing = 0;
		};
/* End PBXFrameworksBuildPhase section */

/* Begin PBXGroup section */
		780013DF1ADE80C0005F0382 = {
			isa = PBXGroup;
			children = (
				780013EA1ADE80C0005F0382 /* ODRefreshControlDemo */,
				780013E91ADE80C0005F0382 /* Products */,
			);
			sourceTree = "<group>";
		};
		780013E91ADE80C0005F0382 /* Products */ = {
			isa = PBXGroup;
			children = (
				780013E81ADE80C0005F0382 /* ODRefreshControlDemo.app */,
			);
			name = Products;
			sourceTree = "<group>";
		};
		780013EA1ADE80C0005F0382 /* ODRefreshControlDemo */ = {
			isa = PBXGroup;
			children = (
				780013ED1ADE80C0005F0382 /* AppDelegate.swift */,
				780013EF1ADE80C0005F0382 /* ViewController.swift */,
				780013F41ADE80C0005F0382 /* Images.xcassets */,
				780013EB1ADE80C0005F0382 /* Supporting Files */,
			);
			path = ODRefreshControlDemo;
			sourceTree = "<group>";
		};
		780013EB1ADE80C0005F0382 /* Supporting Files */ = {
			isa = PBXGroup;
			children = (
				7800140D1ADE82C7005F0382 /* ODRefreshControl.swift */,
				780013EC1ADE80C0005F0382 /* Info.plist */,
			);
			name = "Supporting Files";
			sourceTree = "<group>";
		};
/* End PBXGroup section */

/* Begin PBXNativeTarget section */
		780013E71ADE80C0005F0382 /* ODRefreshControlDemo */ = {
			isa = PBXNativeTarget;
			buildConfigurationList = 780014071ADE80C0005F0382 /* Build configuration list for PBXNativeTarget "ODRefreshControlDemo" */;
			buildPhases = (
				780013E41ADE80C0005F0382 /* Sources */,
				780013E51ADE80C0005F0382 /* Frameworks */,
				780013E61ADE80C0005F0382 /* Resources */,
			);
			buildRules = (
			);
			dependencies = (
			);
			name = ODRefreshControlDemo;
			productName = ODRefreshControlDemo;
			productReference = 780013E81ADE80C0005F0382 /* ODRefreshControlDemo.app */;
			productType = "com.apple.product-type.application";
		};
/* End PBXNativeTarget section */

/* Begin PBXProject section */
		780013E01ADE80C0005F0382 /* Project object */ = {
			isa = PBXProject;
			attributes = {
				LastUpgradeCheck = 0630;
				ORGANIZATIONNAME = "Complex Numbers";
				TargetAttributes = {
					780013E71ADE80C0005F0382 = {
						CreatedOnToolsVersion = 6.3;
					};
				};
			};
			buildConfigurationList = 780013E31ADE80C0005F0382 /* Build configuration list for PBXProject "ODRefreshControlDemo" */;
			compatibilityVersion = "Xcode 3.2";
			developmentRegion = English;
			hasScannedForEncodings = 0;
			knownRegions = (
				en,
				Base,
			);
			mainGroup = 780013DF1ADE80C0005F0382;
			productRefGroup = 780013E91ADE80C0005F0382 /* Products */;
			projectDirPath = "";
			projectRoot = "";
			targets = (
				780013E71ADE80C0005F0382 /* ODRefreshControlDemo */,
			);
		};
/* End PBXProject section */

/* Begin PBXResourcesBuildPhase section */
		780013E61ADE80C0005F0382 /* Resources */ = {
			isa = PBXResourcesBuildPhase;
			buildActionMask = 2147483647;
			files = (
				780013F51ADE80C0005F0382 /* Images.xcassets in Resources */,
			);
			runOnlyForDeploymentPostprocessing = 0;
		};
/* End PBXResourcesBuildPhase section */

/* Begin PBXSourcesBuildPhase section */
		780013E41ADE80C0005F0382 /* Sources */ = {
			isa = PBXSourcesBuildPhase;
			buildActionMask = 2147483647;
			files = (
				780013F01ADE80C0005F0382 /* ViewController.swift in Sources */,
				7800140E1ADE82C7005F0382 /* ODRefreshControl.swift in Sources */,
				780013EE1ADE80C0005F0382 /* AppDelegate.swift in Sources */,
			);
			runOnlyForDeploymentPostprocessing = 0;
		};
/* End PBXSourcesBuildPhase section */

/* Begin XCBuildConfiguration section */
		780014051ADE80C0005F0382 /* Debug */ = {
			isa = XCBuildConfiguration;
			buildSettings = {
				ALWAYS_SEARCH_USER_PATHS = NO;
				CLANG_CXX_LANGUAGE_STANDARD = "gnu++0x";
				CLANG_CXX_LIBRARY = "libc++";
				CLANG_ENABLE_MODULES = YES;
				CLANG_ENABLE_OBJC_ARC = YES;
				CLANG_WARN_BOOL_CONVERSION = YES;
				CLANG_WARN_CONSTANT_CONVERSION = YES;
				CLANG_WARN_DIRECT_OBJC_ISA_USAGE = YES_ERROR;
				CLANG_WARN_EMPTY_BODY = YES;
				CLANG_WARN_ENUM_CONVERSION = YES;
				CLANG_WARN_INT_CONVERSION = YES;
				CLANG_WARN_OBJC_ROOT_CLASS = YES_ERROR;
				CLANG_WARN_UNREACHABLE_CODE = YES;
				CLANG_WARN__DUPLICATE_METHOD_MATCH = YES;
				"CODE_SIGN_IDENTITY[sdk=iphoneos*]" = "iPhone Developer";
				COPY_PHASE_STRIP = NO;
				DEBUG_INFORMATION_FORMAT = "dwarf-with-dsym";
				ENABLE_STRICT_OBJC_MSGSEND = YES;
				GCC_C_LANGUAGE_STANDARD = gnu99;
				GCC_DYNAMIC_NO_PIC = NO;
				GCC_NO_COMMON_BLOCKS = YES;
				GCC_OPTIMIZATION_LEVEL = 0;
				GCC_PREPROCESSOR_DEFINITIONS = (
					"DEBUG=1",
					"$(inherited)",
				);
				GCC_SYMBOLS_PRIVATE_EXTERN = NO;
				GCC_WARN_64_TO_32_BIT_CONVERSION = YES;
				GCC_WARN_ABOUT_RETURN_TYPE = YES_ERROR;
				GCC_WARN_UNDECLARED_SELECTOR = YES;
				GCC_WARN_UNINITIALIZED_AUTOS = YES_AGGRESSIVE;
				GCC_WARN_UNUSED_FUNCTION = YES;
				GCC_WARN_UNUSED_VARIABLE = YES;
				IPHONEOS_DEPLOYMENT_TARGET = 7.0;
				MTL_ENABLE_DEBUG_INFO = YES;
				ONLY_ACTIVE_ARCH = YES;
				SDKROOT = iphoneos;
				SWIFT_OPTIMIZATION_LEVEL = "-Onone";
			};
			name = Debug;
		};
		780014061ADE80C0005F0382 /* Release */ = {
			isa = XCBuildConfiguration;
			buildSettings = {
				ALWAYS_SEARCH_USER_PATHS = NO;
				CLANG_CXX_LANGUAGE_STANDARD = "gnu++0x";
				CLANG_CXX_LIBRARY = "libc++";
				CLANG_ENABLE_MODULES = YES;
				CLANG_ENABLE_OBJC_ARC = YES;
				CLANG_WARN_BOOL_CONVERSION = YES;
				CLANG_WARN_CONSTANT_CONVERSION = YES;
				CLANG_WARN_DIRECT_OBJC_ISA_USAGE = YES_ERROR;
				CLANG_WARN_EMPTY_BODY = YES;
				CLANG_WARN_ENUM_CONVERSION = YES;
				CLANG_WARN_INT_CONVERSION = YES;
				CLANG_WARN_OBJC_ROOT_CLASS = YES_ERROR;
				CLANG_WARN_UNREACHABLE_CODE = YES;
				CLANG_WARN__DUPLICATE_METHOD_MATCH = YES;
				"CODE_SIGN_IDENTITY[sdk=iphoneos*]" = "iPhone Developer";
				COPY_PHASE_STRIP = NO;
				DEBUG_INFORMATION_FORMAT = "dwarf-with-dsym";
				ENABLE_NS_ASSERTIONS = NO;
				ENABLE_STRICT_OBJC_MSGSEND = YES;
				GCC_C_LANGUAGE_STANDARD = gnu99;
				GCC_NO_COMMON_BLOCKS = YES;
				GCC_WARN_64_TO_32_BIT_CONVERSION = YES;
				GCC_WARN_ABOUT_RETURN_TYPE = YES_ERROR;
				GCC_WARN_UNDECLARED_SELECTOR = YES;
				GCC_WARN_UNINITIALIZED_AUTOS = YES_AGGRESSIVE;
				GCC_WARN_UNUSED_FUNCTION = YES;
				GCC_WARN_UNUSED_VARIABLE = YES;
				IPHONEOS_DEPLOYMENT_TARGET = 7.0;
				MTL_ENABLE_DEBUG_INFO = NO;
				SDKROOT = iphoneos;
				VALIDATE_PRODUCT = YES;
			};
			name = Release;
		};
		780014081ADE80C0005F0382 /* Debug */ = {
			isa = XCBuildConfiguration;
			buildSettings = {
				ASSETCATALOG_COMPILER_APPICON_NAME = AppIcon;
				ASSETCATALOG_COMPILER_LAUNCHIMAGE_NAME = LaunchImage;
				INFOPLIST_FILE = ODRefreshControlDemo/Info.plist;
				LD_RUNPATH_SEARCH_PATHS = "$(inherited) @executable_path/Frameworks";
				PRODUCT_NAME = "$(TARGET_NAME)";
			};
			name = Debug;
		};
		780014091ADE80C0005F0382 /* Release */ = {
			isa = XCBuildConfiguration;
			buildSettings = {
				ASSETCATALOG_COMPILER_APPICON_NAME = AppIcon;
				ASSETCATALOG_COMPILER_LAUNCHIMAGE_NAME = LaunchImage;
				INFOPLIST_FILE = ODRefreshControlDemo/Info.plist;
				LD_RUNPATH_SEARCH_PATHS = "$(inherited) @executable_path/Frameworks";
				PRODUCT_NAME = "$(TARGET_NAME)";
			};
			name = Release;
		};
/* End XCBuildConfiguration section */

/* Begin XCConfigurationList section */
		780013E31ADE80C0005F0382 /* Build configuration list for PBXProject "ODRefreshControlDemo" */ = {
			isa = XCConfigurationList;
			buildConfigurations = (
				780014051ADE80C0005F0382 /* Debug */,
				780014061ADE80C0005F0382 /* Release */,
			);
			defaultConfigurationIsVisible = 0;
			defaultConfigurationName = Release;
		};
		780014071ADE80C0005F0382 /* Build configuration list for PBXNativeTarget "ODRefreshControlDemo" */ = {
			isa = XCConfigurationList;
			buildConfigurations = (
				780014081ADE80C0005F0382 /* Debug */,
				780014091ADE80C0005F0382 /* Release */,
			);
			defaultConfigurationIsVisible = 0;
			defaultConfigurationName = Release;
		};
/* End XCConfigurationList section */
	};
	rootObject = 780013E01ADE80C0005F0382 /* Project object */;
}
